
Microsoft Visual Studio Solution File, Format Version 12.00
# Visual Studio 15
VisualStudioVersion = 15.0.27703.2018
MinimumVisualStudioVersion = 10.0.40219.1
Project("{FAE04EC0-301F-11D3-BF4B-00C04F79EFBC}") = "Variables", "Variables\Variables.csproj", "{C238F25E-7A41-4E66-A1C6-CFA2809B492D}"
EndProject
Global
	GlobalSection(SolutionConfigurationPlatforms) = preSolution
		Debug|Any CPU = Debug|Any CPU
		Release|Any CPU = Release|Any CPU
	EndGlobalSection
	GlobalSection(ProjectConfigurationPlatforms) = postSolution
		{C238F25E-7A41-4E66-A1C6-CFA2809B492D}.Debug|Any CPU.ActiveCfg = Debug|Any CPU
		{C238F25E-7A41-4E66-A1C6-CFA2809B492D}.Debug|Any CPU.Build.0 = Debug|Any CPU
		{C238F25E-7A41-4E66-A1C6-CFA2809B492D}.Release|Any CPU.ActiveCfg = Release|Any CPU
		{C238F25E-7A41-4E66-A1C6-CFA2809B492D}.Release|Any CPU.Build.0 = Release|Any CPU
	EndGlobalSection
	GlobalSection(SolutionProperties) = preSolution
		HideSolutionNode = FALSE
	EndGlobalSection
	GlobalSection(ExtensibilityGlobals) = postSolution
		SolutionGuid = {97E09816-A3D8-4971-AFC7-D77B17498240}
	EndGlobalSection
EndGlobal
